// !$*UTF8*$!
{
	archiveVersion = 1;
	classes = {
	};
	objectVersion = 50;
	objects = {

/* Begin PBXBuildFile section */
		8F0D4F03251EF23300CB445B /* PostRow.swift in Sources */ = {isa = PBXBuildFile; fileRef = 8F0D4F02251EF23300CB445B /* PostRow.swift */; };
		8F0D4F05251EF69200CB445B /* Board.swift in Sources */ = {isa = PBXBuildFile; fileRef = 8F0D4F04251EF69200CB445B /* Board.swift */; };
		8F0D4F07251EF77300CB445B /* PostDetail.swift in Sources */ = {isa = PBXBuildFile; fileRef = 8F0D4F06251EF77300CB445B /* PostDetail.swift */; };
		8F43F6A22537D077002946D3 /* NewPost.swift in Sources */ = {isa = PBXBuildFile; fileRef = 8F43F6A12537D077002946D3 /* NewPost.swift */; };
		8F43F6A42538F4F0002946D3 /* LoadingScreen.swift in Sources */ = {isa = PBXBuildFile; fileRef = 8F43F6A32538F4F0002946D3 /* LoadingScreen.swift */; };
		8F43F6A92539B1B9002946D3 /* AppDelegate.swift in Sources */ = {isa = PBXBuildFile; fileRef = 8F43F6A82539B1B9002946D3 /* AppDelegate.swift */; };
		8F5484E8253E2B6100F1154C /* ActivityIndicator.swift in Sources */ = {isa = PBXBuildFile; fileRef = 8F5484E7253E2B6100F1154C /* ActivityIndicator.swift */; };
		8F567F85251110DA00E2D7E1 /* Cordova_ForumsApp.swift in Sources */ = {isa = PBXBuildFile; fileRef = 8F567F84251110DA00E2D7E1 /* Cordova_ForumsApp.swift */; };
		8F567F87251110DA00E2D7E1 /* MainView.swift in Sources */ = {isa = PBXBuildFile; fileRef = 8F567F86251110DA00E2D7E1 /* MainView.swift */; };
		8F567F89251110DB00E2D7E1 /* Assets.xcassets in Resources */ = {isa = PBXBuildFile; fileRef = 8F567F88251110DB00E2D7E1 /* Assets.xcassets */; };
		8F567F8C251110DB00E2D7E1 /* Preview Assets.xcassets in Resources */ = {isa = PBXBuildFile; fileRef = 8F567F8B251110DB00E2D7E1 /* Preview Assets.xcassets */; };
		8F567F94251111AB00E2D7E1 /* Post.swift in Sources */ = {isa = PBXBuildFile; fileRef = 8F567F93251111AB00E2D7E1 /* Post.swift */; };
		8F567F9625114A7000E2D7E1 /* PostHandler.swift in Sources */ = {isa = PBXBuildFile; fileRef = 8F567F9525114A7000E2D7E1 /* PostHandler.swift */; };
/* End PBXBuildFile section */

/* Begin PBXFileReference section */
		8F0D4F02251EF23300CB445B /* PostRow.swift */ = {isa = PBXFileReference; lastKnownFileType = sourcecode.swift; path = PostRow.swift; sourceTree = "<group>"; };
		8F0D4F04251EF69200CB445B /* Board.swift */ = {isa = PBXFileReference; lastKnownFileType = sourcecode.swift; path = Board.swift; sourceTree = "<group>"; };
		8F0D4F06251EF77300CB445B /* PostDetail.swift */ = {isa = PBXFileReference; lastKnownFileType = sourcecode.swift; path = PostDetail.swift; sourceTree = "<group>"; };
		8F43F6A12537D077002946D3 /* NewPost.swift */ = {isa = PBXFileReference; lastKnownFileType = sourcecode.swift; path = NewPost.swift; sourceTree = "<group>"; };
		8F43F6A32538F4F0002946D3 /* LoadingScreen.swift */ = {isa = PBXFileReference; lastKnownFileType = sourcecode.swift; name = LoadingScreen.swift; path = "Cordova Forums/Views/LoadingScreen.swift"; sourceTree = SOURCE_ROOT; };
		8F43F6A82539B1B9002946D3 /* AppDelegate.swift */ = {isa = PBXFileReference; lastKnownFileType = sourcecode.swift; path = AppDelegate.swift; sourceTree = "<group>"; };
		8F5484E7253E2B6100F1154C /* ActivityIndicator.swift */ = {isa = PBXFileReference; lastKnownFileType = sourcecode.swift; path = ActivityIndicator.swift; sourceTree = "<group>"; };
		8F567F81251110DA00E2D7E1 /* Cordova Forums.app */ = {isa = PBXFileReference; explicitFileType = wrapper.application; includeInIndex = 0; path = "Cordova Forums.app"; sourceTree = BUILT_PRODUCTS_DIR; };
		8F567F84251110DA00E2D7E1 /* Cordova_ForumsApp.swift */ = {isa = PBXFileReference; lastKnownFileType = sourcecode.swift; path = Cordova_ForumsApp.swift; sourceTree = "<group>"; };
		8F567F86251110DA00E2D7E1 /* MainView.swift */ = {isa = PBXFileReference; lastKnownFileType = sourcecode.swift; path = MainView.swift; sourceTree = "<group>"; };
		8F567F88251110DB00E2D7E1 /* Assets.xcassets */ = {isa = PBXFileReference; lastKnownFileType = folder.assetcatalog; path = Assets.xcassets; sourceTree = "<group>"; };
		8F567F8B251110DB00E2D7E1 /* Preview Assets.xcassets */ = {isa = PBXFileReference; lastKnownFileType = folder.assetcatalog; path = "Preview Assets.xcassets"; sourceTree = "<group>"; };
		8F567F8D251110DB00E2D7E1 /* Info.plist */ = {isa = PBXFileReference; lastKnownFileType = text.plist.xml; path = Info.plist; sourceTree = "<group>"; };
		8F567F93251111AB00E2D7E1 /* Post.swift */ = {isa = PBXFileReference; lastKnownFileType = sourcecode.swift; path = Post.swift; sourceTree = "<group>"; };
		8F567F9525114A7000E2D7E1 /* PostHandler.swift */ = {isa = PBXFileReference; lastKnownFileType = sourcecode.swift; path = PostHandler.swift; sourceTree = "<group>"; };
/* End PBXFileReference section */

/* Begin PBXFrameworksBuildPhase section */
		8F567F7E251110D900E2D7E1 /* Frameworks */ = {
			isa = PBXFrameworksBuildPhase;
			buildActionMask = 2147483647;
			files = (
			);
			runOnlyForDeploymentPostprocessing = 0;
		};
/* End PBXFrameworksBuildPhase section */

/* Begin PBXGroup section */
		8F43F6A525395118002946D3 /* Views */ = {
			isa = PBXGroup;
			children = (
				8F43F6A32538F4F0002946D3 /* LoadingScreen.swift */,
				8F43F6A12537D077002946D3 /* NewPost.swift */,
				8F5484E7253E2B6100F1154C /* ActivityIndicator.swift */,
				8F567F93251111AB00E2D7E1 /* Post.swift */,
				8F0D4F06251EF77300CB445B /* PostDetail.swift */,
				8F0D4F02251EF23300CB445B /* PostRow.swift */,
			);
			path = Views;
			sourceTree = "<group>";
		};
		8F567F78251110D900E2D7E1 = {
			isa = PBXGroup;
			children = (
				8F567F83251110DA00E2D7E1 /* Cordova Forums */,
				8F567F82251110DA00E2D7E1 /* Products */,
			);
			sourceTree = "<group>";
		};
		8F567F82251110DA00E2D7E1 /* Products */ = {
			isa = PBXGroup;
			children = (
				8F567F81251110DA00E2D7E1 /* Cordova Forums.app */,
			);
			name = Products;
			sourceTree = "<group>";
		};
		8F567F83251110DA00E2D7E1 /* Cordova Forums */ = {
			isa = PBXGroup;
			children = (
				8F567F84251110DA00E2D7E1 /* Cordova_ForumsApp.swift */,
				8F43F6A82539B1B9002946D3 /* AppDelegate.swift */,
				8F567F86251110DA00E2D7E1 /* MainView.swift */,
				8F0D4F04251EF69200CB445B /* Board.swift */,
				8F567F9525114A7000E2D7E1 /* PostHandler.swift */,
				8F43F6A525395118002946D3 /* Views */,
				8F567F8D251110DB00E2D7E1 /* Info.plist */,
				8F567F88251110DB00E2D7E1 /* Assets.xcassets */,
				8F567F8A251110DB00E2D7E1 /* Preview Content */,
			);
			path = "Cordova Forums";
			sourceTree = "<group>";
		};
		8F567F8A251110DB00E2D7E1 /* Preview Content */ = {
			isa = PBXGroup;
			children = (
				8F567F8B251110DB00E2D7E1 /* Preview Assets.xcassets */,
			);
			path = "Preview Content";
			sourceTree = "<group>";
		};
/* End PBXGroup section */

/* Begin PBXNativeTarget section */
		8F567F80251110D900E2D7E1 /* Cordova Forums */ = {
			isa = PBXNativeTarget;
			buildConfigurationList = 8F567F90251110DB00E2D7E1 /* Build configuration list for PBXNativeTarget "Cordova Forums" */;
			buildPhases = (
				8F567F7D251110D900E2D7E1 /* Sources */,
				8F567F7E251110D900E2D7E1 /* Frameworks */,
				8F567F7F251110D900E2D7E1 /* Resources */,
			);
			buildRules = (
			);
			dependencies = (
			);
			name = "Cordova Forums";
			productName = "Cordova Forums";
			productReference = 8F567F81251110DA00E2D7E1 /* Cordova Forums.app */;
			productType = "com.apple.product-type.application";
		};
/* End PBXNativeTarget section */

/* Begin PBXProject section */
		8F567F79251110D900E2D7E1 /* Project object */ = {
			isa = PBXProject;
			attributes = {
				LastSwiftUpdateCheck = 1200;
				LastUpgradeCheck = 1200;
				TargetAttributes = {
					8F567F80251110D900E2D7E1 = {
						CreatedOnToolsVersion = 12.0;
					};
				};
			};
			buildConfigurationList = 8F567F7C251110D900E2D7E1 /* Build configuration list for PBXProject "Cordova Forums" */;
			compatibilityVersion = "Xcode 9.3";
			developmentRegion = en;
			hasScannedForEncodings = 0;
			knownRegions = (
				en,
				Base,
			);
			mainGroup = 8F567F78251110D900E2D7E1;
			productRefGroup = 8F567F82251110DA00E2D7E1 /* Products */;
			projectDirPath = "";
			projectRoot = "";
			targets = (
				8F567F80251110D900E2D7E1 /* Cordova Forums */,
			);
		};
/* End PBXProject section */

/* Begin PBXResourcesBuildPhase section */
		8F567F7F251110D900E2D7E1 /* Resources */ = {
			isa = PBXResourcesBuildPhase;
			buildActionMask = 2147483647;
			files = (
				8F567F8C251110DB00E2D7E1 /* Preview Assets.xcassets in Resources */,
				8F567F89251110DB00E2D7E1 /* Assets.xcassets in Resources */,
			);
			runOnlyForDeploymentPostprocessing = 0;
		};
/* End PBXResourcesBuildPhase section */

/* Begin PBXSourcesBuildPhase section */
		8F567F7D251110D900E2D7E1 /* Sources */ = {
			isa = PBXSourcesBuildPhase;
			buildActionMask = 2147483647;
			files = (
				8F5484E8253E2B6100F1154C /* ActivityIndicator.swift in Sources */,
				8F43F6A92539B1B9002946D3 /* AppDelegate.swift in Sources */,
				8F43F6A22537D077002946D3 /* NewPost.swift in Sources */,
				8F0D4F07251EF77300CB445B /* PostDetail.swift in Sources */,
				8F567F9625114A7000E2D7E1 /* PostHandler.swift in Sources */,
				8F43F6A42538F4F0002946D3 /* LoadingScreen.swift in Sources */,
				8F567F94251111AB00E2D7E1 /* Post.swift in Sources */,
				8F0D4F05251EF69200CB445B /* Board.swift in Sources */,
				8F0D4F03251EF23300CB445B /* PostRow.swift in Sources */,
				8F567F87251110DA00E2D7E1 /* MainView.swift in Sources */,
				8F567F85251110DA00E2D7E1 /* Cordova_ForumsApp.swift in Sources */,
			);
			runOnlyForDeploymentPostprocessing = 0;
		};
/* End PBXSourcesBuildPhase section */

/* Begin XCBuildConfiguration section */
		8F567F8E251110DB00E2D7E1 /* Debug */ = {
			isa = XCBuildConfiguration;
			buildSettings = {
				ALWAYS_SEARCH_USER_PATHS = NO;
				CLANG_ANALYZER_NONNULL = YES;
				CLANG_ANALYZER_NUMBER_OBJECT_CONVERSION = YES_AGGRESSIVE;
				CLANG_CXX_LANGUAGE_STANDARD = "gnu++14";
				CLANG_CXX_LIBRARY = "libc++";
				CLANG_ENABLE_MODULES = YES;
				CLANG_ENABLE_OBJC_ARC = YES;
				CLANG_ENABLE_OBJC_WEAK = YES;
				CLANG_WARN_BLOCK_CAPTURE_AUTORELEASING = YES;
				CLANG_WARN_BOOL_CONVERSION = YES;
				CLANG_WARN_COMMA = YES;
				CLANG_WARN_CONSTANT_CONVERSION = YES;
				CLANG_WARN_DEPRECATED_OBJC_IMPLEMENTATIONS = YES;
				CLANG_WARN_DIRECT_OBJC_ISA_USAGE = YES_ERROR;
				CLANG_WARN_DOCUMENTATION_COMMENTS = YES;
				CLANG_WARN_EMPTY_BODY = YES;
				CLANG_WARN_ENUM_CONVERSION = YES;
				CLANG_WARN_INFINITE_RECURSION = YES;
				CLANG_WARN_INT_CONVERSION = YES;
				CLANG_WARN_NON_LITERAL_NULL_CONVERSION = YES;
				CLANG_WARN_OBJC_IMPLICIT_RETAIN_SELF = YES;
				CLANG_WARN_OBJC_LITERAL_CONVERSION = YES;
				CLANG_WARN_OBJC_ROOT_CLASS = YES_ERROR;
				CLANG_WARN_QUOTED_INCLUDE_IN_FRAMEWORK_HEADER = YES;
				CLANG_WARN_RANGE_LOOP_ANALYSIS = YES;
				CLANG_WARN_STRICT_PROTOTYPES = YES;
				CLANG_WARN_SUSPICIOUS_MOVE = YES;
				CLANG_WARN_UNGUARDED_AVAILABILITY = YES_AGGRESSIVE;
				CLANG_WARN_UNREACHABLE_CODE = YES;
				CLANG_WARN__DUPLICATE_METHOD_MATCH = YES;
				COPY_PHASE_STRIP = NO;
				DEBUG_INFORMATION_FORMAT = dwarf;
				ENABLE_STRICT_OBJC_MSGSEND = YES;
				ENABLE_TESTABILITY = YES;
				GCC_C_LANGUAGE_STANDARD = gnu11;
				GCC_DYNAMIC_NO_PIC = NO;
				GCC_NO_COMMON_BLOCKS = YES;
				GCC_OPTIMIZATION_LEVEL = 0;
				GCC_PREPROCESSOR_DEFINITIONS = (
					"DEBUG=1",
					"$(inherited)",
				);
				GCC_WARN_64_TO_32_BIT_CONVERSION = YES;
				GCC_WARN_ABOUT_RETURN_TYPE = YES_ERROR;
				GCC_WARN_UNDECLARED_SELECTOR = YES;
				GCC_WARN_UNINITIALIZED_AUTOS = YES_AGGRESSIVE;
				GCC_WARN_UNUSED_FUNCTION = YES;
				GCC_WARN_UNUSED_VARIABLE = YES;
				IPHONEOS_DEPLOYMENT_TARGET = 14.0;
				MTL_ENABLE_DEBUG_INFO = INCLUDE_SOURCE;
				MTL_FAST_MATH = YES;
				ONLY_ACTIVE_ARCH = YES;
				SDKROOT = iphoneos;
				SWIFT_ACTIVE_COMPILATION_CONDITIONS = DEBUG;
				SWIFT_OPTIMIZATION_LEVEL = "-Onone";
			};
			name = Debug;
		};
		8F567F8F251110DB00E2D7E1 /* Release */ = {
			isa = XCBuildConfiguration;
			buildSettings = {
				ALWAYS_SEARCH_USER_PATHS = NO;
				CLANG_ANALYZER_NONNULL = YES;
				CLANG_ANALYZER_NUMBER_OBJECT_CONVERSION = YES_AGGRESSIVE;
				CLANG_CXX_LANGUAGE_STANDARD = "gnu++14";
				CLANG_CXX_LIBRARY = "libc++";
				CLANG_ENABLE_MODULES = YES;
				CLANG_ENABLE_OBJC_ARC = YES;
				CLANG_ENABLE_OBJC_WEAK = YES;
				CLANG_WARN_BLOCK_CAPTURE_AUTORELEASING = YES;
				CLANG_WARN_BOOL_CONVERSION = YES;
				CLANG_WARN_COMMA = YES;
				CLANG_WARN_CONSTANT_CONVERSION = YES;
				CLANG_WARN_DEPRECATED_OBJC_IMPLEMENTATIONS = YES;
				CLANG_WARN_DIRECT_OBJC_ISA_USAGE = YES_ERROR;
				CLANG_WARN_DOCUMENTATION_COMMENTS = YES;
				CLANG_WARN_EMPTY_BODY = YES;
				CLANG_WARN_ENUM_CONVERSION = YES;
				CLANG_WARN_INFINITE_RECURSION = YES;
				CLANG_WARN_INT_CONVERSION = YES;
				CLANG_WARN_NON_LITERAL_NULL_CONVERSION = YES;
				CLANG_WARN_OBJC_IMPLICIT_RETAIN_SELF = YES;
				CLANG_WARN_OBJC_LITERAL_CONVERSION = YES;
				CLANG_WARN_OBJC_ROOT_CLASS = YES_ERROR;
				CLANG_WARN_QUOTED_INCLUDE_IN_FRAMEWORK_HEADER = YES;
				CLANG_WARN_RANGE_LOOP_ANALYSIS = YES;
				CLANG_WARN_STRICT_PROTOTYPES = YES;
				CLANG_WARN_SUSPICIOUS_MOVE = YES;
				CLANG_WARN_UNGUARDED_AVAILABILITY = YES_AGGRESSIVE;
				CLANG_WARN_UNREACHABLE_CODE = YES;
				CLANG_WARN__DUPLICATE_METHOD_MATCH = YES;
				COPY_PHASE_STRIP = NO;
				DEBUG_INFORMATION_FORMAT = "dwarf-with-dsym";
				ENABLE_NS_ASSERTIONS = NO;
				ENABLE_STRICT_OBJC_MSGSEND = YES;
				GCC_C_LANGUAGE_STANDARD = gnu11;
				GCC_NO_COMMON_BLOCKS = YES;
				GCC_WARN_64_TO_32_BIT_CONVERSION = YES;
				GCC_WARN_ABOUT_RETURN_TYPE = YES_ERROR;
				GCC_WARN_UNDECLARED_SELECTOR = YES;
				GCC_WARN_UNINITIALIZED_AUTOS = YES_AGGRESSIVE;
				GCC_WARN_UNUSED_FUNCTION = YES;
				GCC_WARN_UNUSED_VARIABLE = YES;
				IPHONEOS_DEPLOYMENT_TARGET = 14.0;
				MTL_ENABLE_DEBUG_INFO = NO;
				MTL_FAST_MATH = YES;
				SDKROOT = iphoneos;
				SWIFT_COMPILATION_MODE = wholemodule;
				SWIFT_OPTIMIZATION_LEVEL = "-O";
				VALIDATE_PRODUCT = YES;
			};
			name = Release;
		};
		8F567F91251110DB00E2D7E1 /* Debug */ = {
			isa = XCBuildConfiguration;
			buildSettings = {
				ASSETCATALOG_COMPILER_APPICON_NAME = AppIcon;
				ASSETCATALOG_COMPILER_GLOBAL_ACCENT_COLOR_NAME = AccentColor;
				CODE_SIGN_STYLE = Automatic;
				DEVELOPMENT_ASSET_PATHS = "\"Cordova Forums/Preview Content\"";
				DEVELOPMENT_TEAM = 933TP5A3FB;
				ENABLE_PREVIEWS = YES;
				INFOPLIST_FILE = "Cordova Forums/Info.plist";
				IPHONEOS_DEPLOYMENT_TARGET = 14.0;
				LD_RUNPATH_SEARCH_PATHS = (
					"$(inherited)",
					"@executable_path/Frameworks",
				);
				MARKETING_VERSION = 1.2;
				PRODUCT_BUNDLE_IDENTIFIER = "org.cordovachat.cordova-forums";
				PRODUCT_NAME = "$(TARGET_NAME)";
				SWIFT_VERSION = 5.0;
				TARGETED_DEVICE_FAMILY = "1,2";
			};
			name = Debug;
		};
		8F567F92251110DB00E2D7E1 /* Release */ = {
			isa = XCBuildConfiguration;
			buildSettings = {
				ASSETCATALOG_COMPILER_APPICON_NAME = AppIcon;
				ASSETCATALOG_COMPILER_GLOBAL_ACCENT_COLOR_NAME = AccentColor;
				CODE_SIGN_STYLE = Automatic;
				DEVELOPMENT_ASSET_PATHS = "\"Cordova Forums/Preview Content\"";
				DEVELOPMENT_TEAM = 933TP5A3FB;
				ENABLE_PREVIEWS = YES;
				INFOPLIST_FILE = "Cordova Forums/Info.plist";
				IPHONEOS_DEPLOYMENT_TARGET = 14.0;
				LD_RUNPATH_SEARCH_PATHS = (
					"$(inherited)",
					"@executable_path/Frameworks",
				);
				MARKETING_VERSION = 1.2;
				PRODUCT_BUNDLE_IDENTIFIER = "org.cordovachat.cordova-forums";
				PRODUCT_NAME = "$(TARGET_NAME)";
				SWIFT_VERSION = 5.0;
				TARGETED_DEVICE_FAMILY = "1,2";
			};
			name = Release;
		};
/* End XCBuildConfiguration section */

/* Begin XCConfigurationList section */
		8F567F7C251110D900E2D7E1 /* Build configuration list for PBXProject "Cordova Forums" */ = {
			isa = XCConfigurationList;
			buildConfigurations = (
				8F567F8E251110DB00E2D7E1 /* Debug */,
				8F567F8F251110DB00E2D7E1 /* Release */,
			);
			defaultConfigurationIsVisible = 0;
			defaultConfigurationName = Release;
		};
		8F567F90251110DB00E2D7E1 /* Build configuration list for PBXNativeTarget "Cordova Forums" */ = {
			isa = XCConfigurationList;
			buildConfigurations = (
				8F567F91251110DB00E2D7E1 /* Debug */,
				8F567F92251110DB00E2D7E1 /* Release */,
			);
			defaultConfigurationIsVisible = 0;
			defaultConfigurationName = Release;
		};
/* End XCConfigurationList section */
	};
	rootObject = 8F567F79251110D900E2D7E1 /* Project object */;
}
